
Microsoft Visual Studio Solution File, Format Version 12.00
# Visual Studio Version 16
VisualStudioVersion = 16.0.31410.357
MinimumVisualStudioVersion = 10.0.40219.1
Project("{FAE04EC0-301F-11D3-BF4B-00C04F79EFBC}") = "StaticWebsite", "StaticWebsite.csproj", "{1E3241DE-5D8E-41AC-B135-F7B3D61802D7}"
EndProject
Global
	GlobalSection(SolutionConfigurationPlatforms) = preSolution
		Debug|Any CPU = Debug|Any CPU
		Release|Any CPU = Release|Any CPU
	EndGlobalSection
	GlobalSection(ProjectConfigurationPlatforms) = postSolution
		{1E3241DE-5D8E-41AC-B135-F7B3D61802D7}.Debug|Any CPU.ActiveCfg = Debug|Any CPU
		{1E3241DE-5D8E-41AC-B135-F7B3D61802D7}.Debug|Any CPU.Build.0 = Debug|Any CPU
		{1E3241DE-5D8E-41AC-B135-F7B3D61802D7}.Release|Any CPU.ActiveCfg = Release|Any CPU
		{1E3241DE-5D8E-41AC-B135-F7B3D61802D7}.Release|Any CPU.Build.0 = Release|Any CPU
	EndGlobalSection
	GlobalSection(SolutionProperties) = preSolution
		HideSolutionNode = FALSE
	EndGlobalSection
	GlobalSection(ExtensibilityGlobals) = postSolution
		SolutionGuid = {D07F600E-970B-452E-9DFB-7135F87B395E}
	EndGlobalSection
EndGlobal
